// !$*UTF8*$!
{
	archiveVersion = 1;
	classes = {
	};
	objectVersion = 56;
	objects = {

/* Begin PBXBuildFile section */
		730BE3002AD647F90017EAC4 /* BarChartView.swift in Sources */ = {isa = PBXBuildFile; fileRef = 730BE2FF2AD647F90017EAC4 /* BarChartView.swift */; };
		73195EAE2AD393D200CB0F75 /* TypingIndicatorView.swift in Sources */ = {isa = PBXBuildFile; fileRef = 73195EAD2AD393D200CB0F75 /* TypingIndicatorView.swift */; };
		73195EB02AD3999800CB0F75 /* KeyboardResponder.swift in Sources */ = {isa = PBXBuildFile; fileRef = 73195EAF2AD3999800CB0F75 /* KeyboardResponder.swift */; };
		735A53732AD59B6F0095DF53 /* MoodTrackerView.swift in Sources */ = {isa = PBXBuildFile; fileRef = 735A53722AD59B6F0095DF53 /* MoodTrackerView.swift */; };
		736A94B72AD38CC700C4C108 /* TherapAIApp.swift in Sources */ = {isa = PBXBuildFile; fileRef = 736A94B62AD38CC700C4C108 /* TherapAIApp.swift */; };
		736A94B92AD38CC700C4C108 /* ContentView.swift in Sources */ = {isa = PBXBuildFile; fileRef = 736A94B82AD38CC700C4C108 /* ContentView.swift */; };
		736A94BB2AD38CE300C4C108 /* Assets.xcassets in Resources */ = {isa = PBXBuildFile; fileRef = 736A94BA2AD38CE300C4C108 /* Assets.xcassets */; };
		736A94BE2AD38CE300C4C108 /* Preview Assets.xcassets in Resources */ = {isa = PBXBuildFile; fileRef = 736A94BD2AD38CE300C4C108 /* Preview Assets.xcassets */; };
		736A94C92AD38DE800C4C108 /* APIManager.swift in Sources */ = {isa = PBXBuildFile; fileRef = 736A94C82AD38DE800C4C108 /* APIManager.swift */; };
		739C15392AD512F8005688EC /* SplashScreenView.swift in Sources */ = {isa = PBXBuildFile; fileRef = 739C15382AD512F8005688EC /* SplashScreenView.swift */; };
		73E192022AD46A34002698FE /* SideMenuView.swift in Sources */ = {isa = PBXBuildFile; fileRef = 73E192012AD46A34002698FE /* SideMenuView.swift */; };
		73E192042AD46A79002698FE /* AboutMeView.swift in Sources */ = {isa = PBXBuildFile; fileRef = 73E192032AD46A79002698FE /* AboutMeView.swift */; };
		ABFADFB17DA72FF443C4A1E2 /* Pods_TherapAI.framework in Frameworks */ = {isa = PBXBuildFile; fileRef = 473F2359774FFDF18C7813BC /* Pods_TherapAI.framework */; };
/* End PBXBuildFile section */

/* Begin PBXFileReference section */
		473F2359774FFDF18C7813BC /* Pods_TherapAI.framework */ = {isa = PBXFileReference; explicitFileType = wrapper.framework; includeInIndex = 0; path = Pods_TherapAI.framework; sourceTree = BUILT_PRODUCTS_DIR; };
		4A4CE1602756C59045515D53 /* Pods-TherapAI.debug.xcconfig */ = {isa = PBXFileReference; includeInIndex = 1; lastKnownFileType = text.xcconfig; name = "Pods-TherapAI.debug.xcconfig"; path = "Target Support Files/Pods-TherapAI/Pods-TherapAI.debug.xcconfig"; sourceTree = "<group>"; };
		730BE2FF2AD647F90017EAC4 /* BarChartView.swift */ = {isa = PBXFileReference; lastKnownFileType = sourcecode.swift; path = BarChartView.swift; sourceTree = "<group>"; };
		73195EAD2AD393D200CB0F75 /* TypingIndicatorView.swift */ = {isa = PBXFileReference; lastKnownFileType = sourcecode.swift; path = TypingIndicatorView.swift; sourceTree = "<group>"; };
		73195EAF2AD3999800CB0F75 /* KeyboardResponder.swift */ = {isa = PBXFileReference; lastKnownFileType = sourcecode.swift; path = KeyboardResponder.swift; sourceTree = "<group>"; };
		735A53722AD59B6F0095DF53 /* MoodTrackerView.swift */ = {isa = PBXFileReference; lastKnownFileType = sourcecode.swift; path = MoodTrackerView.swift; sourceTree = "<group>"; };
		736A94B32AD38CC700C4C108 /* TherapAI.app */ = {isa = PBXFileReference; explicitFileType = wrapper.application; includeInIndex = 0; path = TherapAI.app; sourceTree = BUILT_PRODUCTS_DIR; };
		736A94B62AD38CC700C4C108 /* TherapAIApp.swift */ = {isa = PBXFileReference; lastKnownFileType = sourcecode.swift; path = TherapAIApp.swift; sourceTree = "<group>"; };
		736A94B82AD38CC700C4C108 /* ContentView.swift */ = {isa = PBXFileReference; lastKnownFileType = sourcecode.swift; path = ContentView.swift; sourceTree = "<group>"; };
		736A94BA2AD38CE300C4C108 /* Assets.xcassets */ = {isa = PBXFileReference; lastKnownFileType = folder.assetcatalog; path = Assets.xcassets; sourceTree = "<group>"; };
		736A94BD2AD38CE300C4C108 /* Preview Assets.xcassets */ = {isa = PBXFileReference; lastKnownFileType = folder.assetcatalog; path = "Preview Assets.xcassets"; sourceTree = "<group>"; };
		736A94C82AD38DE800C4C108 /* APIManager.swift */ = {isa = PBXFileReference; lastKnownFileType = sourcecode.swift; path = APIManager.swift; sourceTree = "<group>"; };
		739C15382AD512F8005688EC /* SplashScreenView.swift */ = {isa = PBXFileReference; lastKnownFileType = sourcecode.swift; path = SplashScreenView.swift; sourceTree = "<group>"; };
		73E192012AD46A34002698FE /* SideMenuView.swift */ = {isa = PBXFileReference; lastKnownFileType = sourcecode.swift; path = SideMenuView.swift; sourceTree = "<group>"; };
		73E192032AD46A79002698FE /* AboutMeView.swift */ = {isa = PBXFileReference; lastKnownFileType = sourcecode.swift; path = AboutMeView.swift; sourceTree = "<group>"; };
		D05C22915D4091B717D42C9A /* Pods-TherapAI.release.xcconfig */ = {isa = PBXFileReference; includeInIndex = 1; lastKnownFileType = text.xcconfig; name = "Pods-TherapAI.release.xcconfig"; path = "Target Support Files/Pods-TherapAI/Pods-TherapAI.release.xcconfig"; sourceTree = "<group>"; };
/* End PBXFileReference section */

/* Begin PBXFrameworksBuildPhase section */
		736A94B02AD38CC700C4C108 /* Frameworks */ = {
			isa = PBXFrameworksBuildPhase;
			buildActionMask = 2147483647;
			files = (
				ABFADFB17DA72FF443C4A1E2 /* Pods_TherapAI.framework in Frameworks */,
			);
			runOnlyForDeploymentPostprocessing = 0;
		};
/* End PBXFrameworksBuildPhase section */

/* Begin PBXGroup section */
		076A8CC93CA1D49A0FE2196B /* Pods */ = {
			isa = PBXGroup;
			children = (
				4A4CE1602756C59045515D53 /* Pods-TherapAI.debug.xcconfig */,
				D05C22915D4091B717D42C9A /* Pods-TherapAI.release.xcconfig */,
			);
			path = Pods;
			sourceTree = "<group>";
		};
		736A94AA2AD38CC700C4C108 = {
			isa = PBXGroup;
			children = (
				736A94B52AD38CC700C4C108 /* TherapAI */,
				736A94B42AD38CC700C4C108 /* Products */,
				076A8CC93CA1D49A0FE2196B /* Pods */,
				7E383703BCEE33EED53D7548 /* Frameworks */,
			);
			sourceTree = "<group>";
		};
		736A94B42AD38CC700C4C108 /* Products */ = {
			isa = PBXGroup;
			children = (
				736A94B32AD38CC700C4C108 /* TherapAI.app */,
			);
			name = Products;
			sourceTree = "<group>";
		};
		736A94B52AD38CC700C4C108 /* TherapAI */ = {
			isa = PBXGroup;
			children = (
				73195EAF2AD3999800CB0F75 /* KeyboardResponder.swift */,
				736A94C82AD38DE800C4C108 /* APIManager.swift */,
				736A94B62AD38CC700C4C108 /* TherapAIApp.swift */,
				736A94B82AD38CC700C4C108 /* ContentView.swift */,
				736A94BA2AD38CE300C4C108 /* Assets.xcassets */,
				736A94BC2AD38CE300C4C108 /* Preview Content */,
				73195EAD2AD393D200CB0F75 /* TypingIndicatorView.swift */,
				73E192012AD46A34002698FE /* SideMenuView.swift */,
				73E192032AD46A79002698FE /* AboutMeView.swift */,
				739C15382AD512F8005688EC /* SplashScreenView.swift */,
				735A53722AD59B6F0095DF53 /* MoodTrackerView.swift */,
				730BE2FF2AD647F90017EAC4 /* BarChartView.swift */,
			);
			path = TherapAI;
			sourceTree = "<group>";
		};
		736A94BC2AD38CE300C4C108 /* Preview Content */ = {
			isa = PBXGroup;
			children = (
				736A94BD2AD38CE300C4C108 /* Preview Assets.xcassets */,
			);
			path = "Preview Content";
			sourceTree = "<group>";
		};
		7E383703BCEE33EED53D7548 /* Frameworks */ = {
			isa = PBXGroup;
			children = (
				473F2359774FFDF18C7813BC /* Pods_TherapAI.framework */,
			);
			name = Frameworks;
			sourceTree = "<group>";
		};
/* End PBXGroup section */

/* Begin PBXNativeTarget section */
		736A94B22AD38CC700C4C108 /* TherapAI */ = {
			isa = PBXNativeTarget;
			buildConfigurationList = 736A94C12AD38CE400C4C108 /* Build configuration list for PBXNativeTarget "TherapAI" */;
			buildPhases = (
				3D616282D9CCABD8B635325D /* [CP] Check Pods Manifest.lock */,
				736A94AF2AD38CC700C4C108 /* Sources */,
				736A94B02AD38CC700C4C108 /* Frameworks */,
				736A94B12AD38CC700C4C108 /* Resources */,
			);
			buildRules = (
			);
			dependencies = (
			);
			name = TherapAI;
			productName = TherapAI;
			productReference = 736A94B32AD38CC700C4C108 /* TherapAI.app */;
			productType = "com.apple.product-type.application";
		};
/* End PBXNativeTarget section */

/* Begin PBXProject section */
		736A94AB2AD38CC700C4C108 /* Project object */ = {
			isa = PBXProject;
			attributes = {
				BuildIndependentTargetsInParallel = 1;
				LastSwiftUpdateCheck = 1410;
				LastUpgradeCheck = 1410;
				TargetAttributes = {
					736A94B22AD38CC700C4C108 = {
						CreatedOnToolsVersion = 14.1;
					};
				};
			};
			buildConfigurationList = 736A94AE2AD38CC700C4C108 /* Build configuration list for PBXProject "TherapAI" */;
			compatibilityVersion = "Xcode 14.0";
			developmentRegion = en;
			hasScannedForEncodings = 0;
			knownRegions = (
				en,
				Base,
			);
			mainGroup = 736A94AA2AD38CC700C4C108;
			productRefGroup = 736A94B42AD38CC700C4C108 /* Products */;
			projectDirPath = "";
			projectRoot = "";
			targets = (
				736A94B22AD38CC700C4C108 /* TherapAI */,
			);
		};
/* End PBXProject section */

/* Begin PBXResourcesBuildPhase section */
		736A94B12AD38CC700C4C108 /* Resources */ = {
			isa = PBXResourcesBuildPhase;
			buildActionMask = 2147483647;
			files = (
				736A94BE2AD38CE300C4C108 /* Preview Assets.xcassets in Resources */,
				736A94BB2AD38CE300C4C108 /* Assets.xcassets in Resources */,
			);
			runOnlyForDeploymentPostprocessing = 0;
		};
/* End PBXResourcesBuildPhase section */

/* Begin PBXShellScriptBuildPhase section */
		3D616282D9CCABD8B635325D /* [CP] Check Pods Manifest.lock */ = {
			isa = PBXShellScriptBuildPhase;
			buildActionMask = 2147483647;
			files = (
			);
			inputFileListPaths = (
			);
			inputPaths = (
				"${PODS_PODFILE_DIR_PATH}/Podfile.lock",
				"${PODS_ROOT}/Manifest.lock",
			);
			name = "[CP] Check Pods Manifest.lock";
			outputFileListPaths = (
			);
			outputPaths = (
				"$(DERIVED_FILE_DIR)/Pods-TherapAI-checkManifestLockResult.txt",
			);
			runOnlyForDeploymentPostprocessing = 0;
			shellPath = /bin/sh;
			shellScript = "diff \"${PODS_PODFILE_DIR_PATH}/Podfile.lock\" \"${PODS_ROOT}/Manifest.lock\" > /dev/null\nif [ $? != 0 ] ; then\n    # print error to STDERR\n    echo \"error: The sandbox is not in sync with the Podfile.lock. Run 'pod install' or update your CocoaPods installation.\" >&2\n    exit 1\nfi\n# This output is used by Xcode 'outputs' to avoid re-running this script phase.\necho \"SUCCESS\" > \"${SCRIPT_OUTPUT_FILE_0}\"\n";
			showEnvVarsInLog = 0;
		};
/* End PBXShellScriptBuildPhase section */

/* Begin PBXSourcesBuildPhase section */
		736A94AF2AD38CC700C4C108 /* Sources */ = {
			isa = PBXSourcesBuildPhase;
			buildActionMask = 2147483647;
			files = (
				735A53732AD59B6F0095DF53 /* MoodTrackerView.swift in Sources */,
				73E192022AD46A34002698FE /* SideMenuView.swift in Sources */,
				736A94C92AD38DE800C4C108 /* APIManager.swift in Sources */,
				736A94B92AD38CC700C4C108 /* ContentView.swift in Sources */,
				736A94B72AD38CC700C4C108 /* TherapAIApp.swift in Sources */,
				73195EB02AD3999800CB0F75 /* KeyboardResponder.swift in Sources */,
				73E192042AD46A79002698FE /* AboutMeView.swift in Sources */,
				73195EAE2AD393D200CB0F75 /* TypingIndicatorView.swift in Sources */,
				739C15392AD512F8005688EC /* SplashScreenView.swift in Sources */,
				730BE3002AD647F90017EAC4 /* BarChartView.swift in Sources */,
			);
			runOnlyForDeploymentPostprocessing = 0;
		};
/* End PBXSourcesBuildPhase section */

/* Begin XCBuildConfiguration section */
		736A94BF2AD38CE300C4C108 /* Debug */ = {
			isa = XCBuildConfiguration;
			buildSettings = {
				ALWAYS_SEARCH_USER_PATHS = NO;
				CLANG_ANALYZER_NONNULL = YES;
				CLANG_ANALYZER_NUMBER_OBJECT_CONVERSION = YES_AGGRESSIVE;
				CLANG_CXX_LANGUAGE_STANDARD = "gnu++20";
				CLANG_ENABLE_MODULES = YES;
				CLANG_ENABLE_OBJC_ARC = YES;
				CLANG_ENABLE_OBJC_WEAK = YES;
				CLANG_WARN_BLOCK_CAPTURE_AUTORELEASING = YES;
				CLANG_WARN_BOOL_CONVERSION = YES;
				CLANG_WARN_COMMA = YES;
				CLANG_WARN_CONSTANT_CONVERSION = YES;
				CLANG_WARN_DEPRECATED_OBJC_IMPLEMENTATIONS = YES;
				CLANG_WARN_DIRECT_OBJC_ISA_USAGE = YES_ERROR;
				CLANG_WARN_DOCUMENTATION_COMMENTS = YES;
				CLANG_WARN_EMPTY_BODY = YES;
				CLANG_WARN_ENUM_CONVERSION = YES;
				CLANG_WARN_INFINITE_RECURSION = YES;
				CLANG_WARN_INT_CONVERSION = YES;
				CLANG_WARN_NON_LITERAL_NULL_CONVERSION = YES;
				CLANG_WARN_OBJC_IMPLICIT_RETAIN_SELF = YES;
				CLANG_WARN_OBJC_LITERAL_CONVERSION = YES;
				CLANG_WARN_OBJC_ROOT_CLASS = YES_ERROR;
				CLANG_WARN_QUOTED_INCLUDE_IN_FRAMEWORK_HEADER = YES;
				CLANG_WARN_RANGE_LOOP_ANALYSIS = YES;
				CLANG_WARN_STRICT_PROTOTYPES = YES;
				CLANG_WARN_SUSPICIOUS_MOVE = YES;
				CLANG_WARN_UNGUARDED_AVAILABILITY = YES_AGGRESSIVE;
				CLANG_WARN_UNREACHABLE_CODE = YES;
				CLANG_WARN__DUPLICATE_METHOD_MATCH = YES;
				COPY_PHASE_STRIP = NO;
				DEBUG_INFORMATION_FORMAT = dwarf;
				ENABLE_STRICT_OBJC_MSGSEND = YES;
				ENABLE_TESTABILITY = YES;
				GCC_C_LANGUAGE_STANDARD = gnu11;
				GCC_DYNAMIC_NO_PIC = NO;
				GCC_NO_COMMON_BLOCKS = YES;
				GCC_OPTIMIZATION_LEVEL = 0;
				GCC_PREPROCESSOR_DEFINITIONS = (
					"DEBUG=1",
					"$(inherited)",
				);
				GCC_WARN_64_TO_32_BIT_CONVERSION = YES;
				GCC_WARN_ABOUT_RETURN_TYPE = YES_ERROR;
				GCC_WARN_UNDECLARED_SELECTOR = YES;
				GCC_WARN_UNINITIALIZED_AUTOS = YES_AGGRESSIVE;
				GCC_WARN_UNUSED_FUNCTION = YES;
				GCC_WARN_UNUSED_VARIABLE = YES;
				IPHONEOS_DEPLOYMENT_TARGET = 16.1;
				MTL_ENABLE_DEBUG_INFO = INCLUDE_SOURCE;
				MTL_FAST_MATH = YES;
				ONLY_ACTIVE_ARCH = YES;
				SDKROOT = iphoneos;
				SWIFT_ACTIVE_COMPILATION_CONDITIONS = DEBUG;
				SWIFT_OPTIMIZATION_LEVEL = "-Onone";
			};
			name = Debug;
		};
		736A94C02AD38CE300C4C108 /* Release */ = {
			isa = XCBuildConfiguration;
			buildSettings = {
				ALWAYS_SEARCH_USER_PATHS = NO;
				CLANG_ANALYZER_NONNULL = YES;
				CLANG_ANALYZER_NUMBER_OBJECT_CONVERSION = YES_AGGRESSIVE;
				CLANG_CXX_LANGUAGE_STANDARD = "gnu++20";
				CLANG_ENABLE_MODULES = YES;
				CLANG_ENABLE_OBJC_ARC = YES;
				CLANG_ENABLE_OBJC_WEAK = YES;
				CLANG_WARN_BLOCK_CAPTURE_AUTORELEASING = YES;
				CLANG_WARN_BOOL_CONVERSION = YES;
				CLANG_WARN_COMMA = YES;
				CLANG_WARN_CONSTANT_CONVERSION = YES;
				CLANG_WARN_DEPRECATED_OBJC_IMPLEMENTATIONS = YES;
				CLANG_WARN_DIRECT_OBJC_ISA_USAGE = YES_ERROR;
				CLANG_WARN_DOCUMENTATION_COMMENTS = YES;
				CLANG_WARN_EMPTY_BODY = YES;
				CLANG_WARN_ENUM_CONVERSION = YES;
				CLANG_WARN_INFINITE_RECURSION = YES;
				CLANG_WARN_INT_CONVERSION = YES;
				CLANG_WARN_NON_LITERAL_NULL_CONVERSION = YES;
				CLANG_WARN_OBJC_IMPLICIT_RETAIN_SELF = YES;
				CLANG_WARN_OBJC_LITERAL_CONVERSION = YES;
				CLANG_WARN_OBJC_ROOT_CLASS = YES_ERROR;
				CLANG_WARN_QUOTED_INCLUDE_IN_FRAMEWORK_HEADER = YES;
				CLANG_WARN_RANGE_LOOP_ANALYSIS = YES;
				CLANG_WARN_STRICT_PROTOTYPES = YES;
				CLANG_WARN_SUSPICIOUS_MOVE = YES;
				CLANG_WARN_UNGUARDED_AVAILABILITY = YES_AGGRESSIVE;
				CLANG_WARN_UNREACHABLE_CODE = YES;
				CLANG_WARN__DUPLICATE_METHOD_MATCH = YES;
				COPY_PHASE_STRIP = NO;
				DEBUG_INFORMATION_FORMAT = "dwarf-with-dsym";
				ENABLE_NS_ASSERTIONS = NO;
				ENABLE_STRICT_OBJC_MSGSEND = YES;
				GCC_C_LANGUAGE_STANDARD = gnu11;
				GCC_NO_COMMON_BLOCKS = YES;
				GCC_WARN_64_TO_32_BIT_CONVERSION = YES;
				GCC_WARN_ABOUT_RETURN_TYPE = YES_ERROR;
				GCC_WARN_UNDECLARED_SELECTOR = YES;
				GCC_WARN_UNINITIALIZED_AUTOS = YES_AGGRESSIVE;
				GCC_WARN_UNUSED_FUNCTION = YES;
				GCC_WARN_UNUSED_VARIABLE = YES;
				IPHONEOS_DEPLOYMENT_TARGET = 16.1;
				MTL_ENABLE_DEBUG_INFO = NO;
				MTL_FAST_MATH = YES;
				SDKROOT = iphoneos;
				SWIFT_COMPILATION_MODE = wholemodule;
				SWIFT_OPTIMIZATION_LEVEL = "-O";
				VALIDATE_PRODUCT = YES;
			};
			name = Release;
		};
		736A94C22AD38CE400C4C108 /* Debug */ = {
			isa = XCBuildConfiguration;
			baseConfigurationReference = 4A4CE1602756C59045515D53 /* Pods-TherapAI.debug.xcconfig */;
			buildSettings = {
				ASSETCATALOG_COMPILER_APPICON_NAME = AppIcon;
				ASSETCATALOG_COMPILER_GLOBAL_ACCENT_COLOR_NAME = AccentColor;
				CODE_SIGN_STYLE = Automatic;
				CURRENT_PROJECT_VERSION = 1;
				DEVELOPMENT_ASSET_PATHS = "\"TherapAI/Preview Content\"";
				DEVELOPMENT_TEAM = CR8SGSMSRB;
				ENABLE_PREVIEWS = YES;
				GENERATE_INFOPLIST_FILE = YES;
				INFOPLIST_KEY_UIApplicationSceneManifest_Generation = YES;
				INFOPLIST_KEY_UIApplicationSupportsIndirectInputEvents = YES;
				INFOPLIST_KEY_UILaunchScreen_Generation = YES;
				INFOPLIST_KEY_UISupportedInterfaceOrientations_iPad = "UIInterfaceOrientationPortrait UIInterfaceOrientationPortraitUpsideDown UIInterfaceOrientationLandscapeLeft UIInterfaceOrientationLandscapeRight";
				INFOPLIST_KEY_UISupportedInterfaceOrientations_iPhone = "UIInterfaceOrientationPortrait UIInterfaceOrientationLandscapeLeft UIInterfaceOrientationLandscapeRight";
				LD_RUNPATH_SEARCH_PATHS = (
					"$(inherited)",
					"@executable_path/Frameworks",
				);
				MARKETING_VERSION = 1.0;
				PRODUCT_BUNDLE_IDENTIFIER = Durranico.TherapAI;
				PRODUCT_NAME = "$(TARGET_NAME)";
				SWIFT_EMIT_LOC_STRINGS = YES;
				SWIFT_VERSION = 5.0;
				TARGETED_DEVICE_FAMILY = "1,2";
			};
			name = Debug;
		};
		736A94C32AD38CE400C4C108 /* Release */ = {
			isa = XCBuildConfiguration;
			baseConfigurationReference = D05C22915D4091B717D42C9A /* Pods-TherapAI.release.xcconfig */;
			buildSettings = {
				ASSETCATALOG_COMPILER_APPICON_NAME = AppIcon;
				ASSETCATALOG_COMPILER_GLOBAL_ACCENT_COLOR_NAME = AccentColor;
				CODE_SIGN_STYLE = Automatic;
				CURRENT_PROJECT_VERSION = 1;
				DEVELOPMENT_ASSET_PATHS = "\"TherapAI/Preview Content\"";
				DEVELOPMENT_TEAM = CR8SGSMSRB;
				ENABLE_PREVIEWS = YES;
				GENERATE_INFOPLIST_FILE = YES;
				INFOPLIST_KEY_UIApplicationSceneManifest_Generation = YES;
				INFOPLIST_KEY_UIApplicationSupportsIndirectInputEvents = YES;
				INFOPLIST_KEY_UILaunchScreen_Generation = YES;
				INFOPLIST_KEY_UISupportedInterfaceOrientations_iPad = "UIInterfaceOrientationPortrait UIInterfaceOrientationPortraitUpsideDown UIInterfaceOrientationLandscapeLeft UIInterfaceOrientationLandscapeRight";
				INFOPLIST_KEY_UISupportedInterfaceOrientations_iPhone = "UIInterfaceOrientationPortrait UIInterfaceOrientationLandscapeLeft UIInterfaceOrientationLandscapeRight";
				LD_RUNPATH_SEARCH_PATHS = (
					"$(inherited)",
					"@executable_path/Frameworks",
				);
				MARKETING_VERSION = 1.0;
				PRODUCT_BUNDLE_IDENTIFIER = Durranico.TherapAI;
				PRODUCT_NAME = "$(TARGET_NAME)";
				SWIFT_EMIT_LOC_STRINGS = YES;
				SWIFT_VERSION = 5.0;
				TARGETED_DEVICE_FAMILY = "1,2";
			};
			name = Release;
		};
/* End XCBuildConfiguration section */

/* Begin XCConfigurationList section */
		736A94AE2AD38CC700C4C108 /* Build configuration list for PBXProject "TherapAI" */ = {
			isa = XCConfigurationList;
			buildConfigurations = (
				736A94BF2AD38CE300C4C108 /* Debug */,
				736A94C02AD38CE300C4C108 /* Release */,
			);
			defaultConfigurationIsVisible = 0;
			defaultConfigurationName = Release;
		};
		736A94C12AD38CE400C4C108 /* Build configuration list for PBXNativeTarget "TherapAI" */ = {
			isa = XCConfigurationList;
			buildConfigurations = (
				736A94C22AD38CE400C4C108 /* Debug */,
				736A94C32AD38CE400C4C108 /* Release */,
			);
			defaultConfigurationIsVisible = 0;
			defaultConfigurationName = Release;
		};
/* End XCConfigurationList section */
	};
	rootObject = 736A94AB2AD38CC700C4C108 /* Project object */;
}
